
Microsoft Visual Studio Solution File, Format Version 12.00
# Visual Studio Version 16
VisualStudioVersion = 16.0.31424.327
MinimumVisualStudioVersion = 10.0.40219.1
Project("{9A19103F-16F7-4668-BE54-9A1E7A4F7556}") = "IfcToolbox.Core", "src\IfcToolbox.Core\IfcToolbox.Core.csproj", "{B3FAF921-7956-4A4C-93DD-F3D526EEA1AF}"
EndProject
Project("{9A19103F-16F7-4668-BE54-9A1E7A4F7556}") = "IfcToolbox.Tools", "src\IfcToolbox.Tools\IfcToolbox.Tools.csproj", "{D3FE01A4-27A3-49F6-BE81-E1C25643FBC6}"
EndProject
Project("{9A19103F-16F7-4668-BE54-9A1E7A4F7556}") = "IfcToolbox.Examples", "src\IfcToolbox.Examples\IfcToolbox.Examples.csproj", "{C075B0F1-30AE-4770-8066-64B88307EA69}"
EndProject
Project("{9A19103F-16F7-4668-BE54-9A1E7A4F7556}") = "IfcToolbox.Tests", "src\IfcToolbox.Tests\IfcToolbox.Tests.csproj", "{09217166-F859-4EC7-A906-0637C4E1D37E}"
EndProject
Global
	GlobalSection(SolutionConfigurationPlatforms) = preSolution
		Debug|Any CPU = Debug|Any CPU
		Release|Any CPU = Release|Any CPU
	EndGlobalSection
	GlobalSection(ProjectConfigurationPlatforms) = postSolution
		{B3FAF921-7956-4A4C-93DD-F3D526EEA1AF}.Debug|Any CPU.ActiveCfg = Debug|Any CPU
		{B3FAF921-7956-4A4C-93DD-F3D526EEA1AF}.Debug|Any CPU.Build.0 = Debug|Any CPU
		{B3FAF921-7956-4A4C-93DD-F3D526EEA1AF}.Release|Any CPU.ActiveCfg = Release|Any CPU
		{B3FAF921-7956-4A4C-93DD-F3D526EEA1AF}.Release|Any CPU.Build.0 = Release|Any CPU
		{D3FE01A4-27A3-49F6-BE81-E1C25643FBC6}.Debug|Any CPU.ActiveCfg = Debug|Any CPU
		{D3FE01A4-27A3-49F6-BE81-E1C25643FBC6}.Debug|Any CPU.Build.0 = Debug|Any CPU
		{D3FE01A4-27A3-49F6-BE81-E1C25643FBC6}.Release|Any CPU.ActiveCfg = Release|Any CPU
		{D3FE01A4-27A3-49F6-BE81-E1C25643FBC6}.Release|Any CPU.Build.0 = Release|Any CPU
		{C075B0F1-30AE-4770-8066-64B88307EA69}.Debug|Any CPU.ActiveCfg = Debug|Any CPU
		{C075B0F1-30AE-4770-8066-64B88307EA69}.Debug|Any CPU.Build.0 = Debug|Any CPU
		{C075B0F1-30AE-4770-8066-64B88307EA69}.Release|Any CPU.ActiveCfg = Release|Any CPU
		{C075B0F1-30AE-4770-8066-64B88307EA69}.Release|Any CPU.Build.0 = Release|Any CPU
		{09217166-F859-4EC7-A906-0637C4E1D37E}.Debug|Any CPU.ActiveCfg = Debug|Any CPU
		{09217166-F859-4EC7-A906-0637C4E1D37E}.Debug|Any CPU.Build.0 = Debug|Any CPU
		{09217166-F859-4EC7-A906-0637C4E1D37E}.Release|Any CPU.ActiveCfg = Release|Any CPU
		{09217166-F859-4EC7-A906-0637C4E1D37E}.Release|Any CPU.Build.0 = Release|Any CPU
	EndGlobalSection
	GlobalSection(SolutionProperties) = preSolution
		HideSolutionNode = FALSE
	EndGlobalSection
	GlobalSection(ExtensibilityGlobals) = postSolution
		SolutionGuid = {7A6FD8FD-139D-41C3-862C-2E077439AA05}
	EndGlobalSection
EndGlobal
